
Microsoft Visual Studio Solution File, Format Version 12.00
# Visual Studio 15
VisualStudioVersion = 15.0.28307.168
MinimumVisualStudioVersion = 10.0.40219.1
Project("{FAE04EC0-301F-11D3-BF4B-00C04F79EFBC}") = "RestWithAspNetCoreUdemy", "RestWithAspNetCoreUdemy\RestWithAspNetCoreUdemy.csproj", "{578899A6-4A26-4F14-ACBE-5FFE6863B614}"
EndProject
Global
	GlobalSection(SolutionConfigurationPlatforms) = preSolution
		Debug|Any CPU = Debug|Any CPU
		Release|Any CPU = Release|Any CPU
	EndGlobalSection
	GlobalSection(ProjectConfigurationPlatforms) = postSolution
		{578899A6-4A26-4F14-ACBE-5FFE6863B614}.Debug|Any CPU.ActiveCfg = Debug|Any CPU
		{578899A6-4A26-4F14-ACBE-5FFE6863B614}.Debug|Any CPU.Build.0 = Debug|Any CPU
		{578899A6-4A26-4F14-ACBE-5FFE6863B614}.Release|Any CPU.ActiveCfg = Release|Any CPU
		{578899A6-4A26-4F14-ACBE-5FFE6863B614}.Release|Any CPU.Build.0 = Release|Any CPU
	EndGlobalSection
	GlobalSection(SolutionProperties) = preSolution
		HideSolutionNode = FALSE
	EndGlobalSection
	GlobalSection(ExtensibilityGlobals) = postSolution
		SolutionGuid = {0B047472-8A3A-4474-A7A2-5B2DA6D10029}
	EndGlobalSection
EndGlobal
